
Microsoft Visual Studio Solution File, Format Version 12.00
# Visual Studio Version 17
VisualStudioVersion = 17.4.33122.133
MinimumVisualStudioVersion = 10.0.40219.1
Project("{FAE04EC0-301F-11D3-BF4B-00C04F79EFBC}") = "lab2 WPF", "lab2 WPF\lab2 WPF.csproj", "{2604E07C-C961-4E24-B499-528ED709E069}"
EndProject
Global
	GlobalSection(SolutionConfigurationPlatforms) = preSolution
		Debug|Any CPU = Debug|Any CPU
		Release|Any CPU = Release|Any CPU
	EndGlobalSection
	GlobalSection(ProjectConfigurationPlatforms) = postSolution
		{2604E07C-C961-4E24-B499-528ED709E069}.Debug|Any CPU.ActiveCfg = Debug|Any CPU
		{2604E07C-C961-4E24-B499-528ED709E069}.Debug|Any CPU.Build.0 = Debug|Any CPU
		{2604E07C-C961-4E24-B499-528ED709E069}.Release|Any CPU.ActiveCfg = Release|Any CPU
		{2604E07C-C961-4E24-B499-528ED709E069}.Release|Any CPU.Build.0 = Release|Any CPU
	EndGlobalSection
	GlobalSection(SolutionProperties) = preSolution
		HideSolutionNode = FALSE
	EndGlobalSection
	GlobalSection(ExtensibilityGlobals) = postSolution
		SolutionGuid = {0E97B224-1DE1-46C5-96B2-427FB8FECA95}
	EndGlobalSection
EndGlobal
